<?xml version="1.0" encoding="UTF-8" standalone="yes" ?>
<CodeBlocks_project_file>
	<FileVersion major="1" minor="6" />
	<Project>
		<Option title="Tbin" />
		<Option pch_mode="2" />
		<Option compiler="gcc" />
		<Build>
			<Target title="Debug">
				<Option output="../sc0-tbin-d" prefix_auto="1" extension_auto="1" />
				<Option working_dir="" />
				<Option object_output="../obj/Debug/" />
				<Option type="2" />
				<Option compiler="gcc" />
				<Option createDefFile="1" />
				<Compiler>
					<Add option="-g" />
				</Compiler>
				<Linker>
					<Add option="-lsc0-utility-d" />
					<Add option="-lsfml-system-s-d" />
				</Linker>
			</Target>
			<Target title="Release">
				<Option output="../sc0-tbin" prefix_auto="1" extension_auto="1" />
				<Option working_dir="" />
				<Option object_output="../obj/Release/" />
				<Option type="2" />
				<Option compiler="gcc" />
				<Option createDefFile="1" />
				<Compiler>
					<Add option="-O2" />
				</Compiler>
				<Linker>
					<Add option="-s" />
					<Add option="-lsc0-utility" />
					<Add option="-lsfml-system-s" />
				</Linker>
			</Target>
			<Target title="DebugTest">
				<Option output="../libsc0-tbin-test" prefix_auto="1" extension_auto="1" />
				<Option working_dir=".." />
				<Option object_output="../obj/DebugTest/" />
				<Option type="1" />
				<Option compiler="gcc" />
				<Compiler>
					<Add option="-g" />
				</Compiler>
				<Linker>
					<Add option="-lsc0-utility-d" />
					<Add option="-lsfml-system-s-d" />
				</Linker>
			</Target>
		</Build>
		<Compiler>
			<Add option="-Wall" />
			<Add option="-DSFML_STATIC" />
		</Compiler>
		<Linker>
			<Add option="-lwinmm" />
		</Linker>
		<Unit filename="main.cpp">
			<Option target="DebugTest" />
		</Unit>
		<Unit filename="tbin/Layer.hpp" />
		<Unit filename="tbin/Map.cpp" />
		<Unit filename="tbin/Map.hpp" />
		<Unit filename="tbin/PropertyValue.hpp" />
		<Unit filename="tbin/Tile.hpp" />
		<Unit filename="tbin/TileSheet.hpp" />
		<Extensions>
			<code_completion />
			<envvars />
			<debugger />
			<lib_finder disable_auto="1" />
		</Extensions>
	</Project>
</CodeBlocks_project_file>
